
Microsoft Visual Studio Solution File, Format Version 12.00
# Visual Studio 15
VisualStudioVersion = 15.0.28307.106
MinimumVisualStudioVersion = 10.0.40219.1
Project("{9A19103F-16F7-4668-BE54-9A1E7A4F7556}") = "Rexxar.Identity", "Rexxar.Identity\Rexxar.Identity.csproj", "{1EABD1AC-27C0-48D2-9392-BB0015096784}"
EndProject
Project("{FAE04EC0-301F-11D3-BF4B-00C04F79EFBC}") = "Rexxar.Chat", "Rexxar.Chat\Rexxar.Chat.csproj", "{0A720126-04BB-4D9D-A5A9-FDA722725702}"
EndProject
Global
	GlobalSection(SolutionConfigurationPlatforms) = preSolution
		Debug|Any CPU = Debug|Any CPU
		Release|Any CPU = Release|Any CPU
	EndGlobalSection
	GlobalSection(ProjectConfigurationPlatforms) = postSolution
		{1EABD1AC-27C0-48D2-9392-BB0015096784}.Debug|Any CPU.ActiveCfg = Debug|Any CPU
		{1EABD1AC-27C0-48D2-9392-BB0015096784}.Debug|Any CPU.Build.0 = Debug|Any CPU
		{1EABD1AC-27C0-48D2-9392-BB0015096784}.Release|Any CPU.ActiveCfg = Release|Any CPU
		{1EABD1AC-27C0-48D2-9392-BB0015096784}.Release|Any CPU.Build.0 = Release|Any CPU
		{0A720126-04BB-4D9D-A5A9-FDA722725702}.Debug|Any CPU.ActiveCfg = Debug|Any CPU
		{0A720126-04BB-4D9D-A5A9-FDA722725702}.Debug|Any CPU.Build.0 = Debug|Any CPU
		{0A720126-04BB-4D9D-A5A9-FDA722725702}.Release|Any CPU.ActiveCfg = Release|Any CPU
		{0A720126-04BB-4D9D-A5A9-FDA722725702}.Release|Any CPU.Build.0 = Release|Any CPU
	EndGlobalSection
	GlobalSection(SolutionProperties) = preSolution
		HideSolutionNode = FALSE
	EndGlobalSection
	GlobalSection(ExtensibilityGlobals) = postSolution
		SolutionGuid = {9E17936F-2650-4015-85A5-0E689858C7FB}
	EndGlobalSection
EndGlobal
